{
  "requires": true,
  "lockfileVersion": 1,
  "dependencies": {
    "@types/stripe-checkout": {
      "version": "1.0.4",
      "resolved": "https://registry.npmjs.org/@types/stripe-checkout/-/stripe-checkout-1.0.4.tgz",
      "integrity": "sha512-zTPUejnOObpETGLCr6fN1cktfbvrMm+Rz5Toh4N623Sk8iRrj4Vaq0rGyZVfOMvv7w9YrU4wcqA/TsOrvi1Nbg==",
      "dev": true,
      "requires": {
        "@types/stripe-v3": "*"
      }
    },
    "@types/stripe-v3": {
      "version": "3.1.26",
      "resolved": "https://registry.npmjs.org/@types/stripe-v3/-/stripe-v3-3.1.26.tgz",
      "integrity": "sha512-c3cI1OzDJ2L1MYm8WvRfpTAojm8O3WyJDEq90py8d2zQJy+sY4ducdQztmZ5ykrRhCPNQJIBHzpEPLl5nCZfSQ=="
    }
  }
}
